
Microsoft Visual Studio Solution File, Format Version 12.00
# Visual Studio Version 17
VisualStudioVersion = 17.0.32014.148
MinimumVisualStudioVersion = 10.0.40219.1
Project("{9A19103F-16F7-4668-BE54-9A1E7A4F7556}") = "CollegeBlazorApp.Server", "CollegeBlazorApp\Server\CollegeBlazorApp.Server.csproj", "{6C251A37-1570-4EB4-AEEC-2C273DE970A3}"
EndProject
Project("{9A19103F-16F7-4668-BE54-9A1E7A4F7556}") = "CollegeBlazorApp.Client", "CollegeBlazorApp\Client\CollegeBlazorApp.Client.csproj", "{9904990A-32DE-44C4-80B2-995D0DAB9B63}"
EndProject
Project("{9A19103F-16F7-4668-BE54-9A1E7A4F7556}") = "CollegeBlazorApp.Shared", "CollegeBlazorApp\Shared\CollegeBlazorApp.Shared.csproj", "{283ADACF-9979-4FD2-96A9-DC4DD32D3621}"
EndProject
Global
	GlobalSection(SolutionConfigurationPlatforms) = preSolution
		Debug|Any CPU = Debug|Any CPU
		Release|Any CPU = Release|Any CPU
	EndGlobalSection
	GlobalSection(ProjectConfigurationPlatforms) = postSolution
		{6C251A37-1570-4EB4-AEEC-2C273DE970A3}.Debug|Any CPU.ActiveCfg = Debug|Any CPU
		{6C251A37-1570-4EB4-AEEC-2C273DE970A3}.Debug|Any CPU.Build.0 = Debug|Any CPU
		{6C251A37-1570-4EB4-AEEC-2C273DE970A3}.Release|Any CPU.ActiveCfg = Release|Any CPU
		{6C251A37-1570-4EB4-AEEC-2C273DE970A3}.Release|Any CPU.Build.0 = Release|Any CPU
		{9904990A-32DE-44C4-80B2-995D0DAB9B63}.Debug|Any CPU.ActiveCfg = Debug|Any CPU
		{9904990A-32DE-44C4-80B2-995D0DAB9B63}.Debug|Any CPU.Build.0 = Debug|Any CPU
		{9904990A-32DE-44C4-80B2-995D0DAB9B63}.Release|Any CPU.ActiveCfg = Release|Any CPU
		{9904990A-32DE-44C4-80B2-995D0DAB9B63}.Release|Any CPU.Build.0 = Release|Any CPU
		{283ADACF-9979-4FD2-96A9-DC4DD32D3621}.Debug|Any CPU.ActiveCfg = Debug|Any CPU
		{283ADACF-9979-4FD2-96A9-DC4DD32D3621}.Debug|Any CPU.Build.0 = Debug|Any CPU
		{283ADACF-9979-4FD2-96A9-DC4DD32D3621}.Release|Any CPU.ActiveCfg = Release|Any CPU
		{283ADACF-9979-4FD2-96A9-DC4DD32D3621}.Release|Any CPU.Build.0 = Release|Any CPU
	EndGlobalSection
	GlobalSection(SolutionProperties) = preSolution
		HideSolutionNode = FALSE
	EndGlobalSection
	GlobalSection(ExtensibilityGlobals) = postSolution
		SolutionGuid = {E2A4E292-69B8-4D5C-B49A-86BC00A173E2}
	EndGlobalSection
EndGlobal
